
Microsoft Visual Studio Solution File, Format Version 12.00
# Visual Studio Version 16
VisualStudioVersion = 16.0.29806.167
MinimumVisualStudioVersion = 10.0.40219.1
Project("{FAE04EC0-301F-11D3-BF4B-00C04F79EFBC}") = "StockScore", "StockScore\StockScore.csproj", "{645C9264-52B7-4776-8C68-5182D14EA47B}"
EndProject
Global
	GlobalSection(SolutionConfigurationPlatforms) = preSolution
		Debug|Any CPU = Debug|Any CPU
		Release|Any CPU = Release|Any CPU
	EndGlobalSection
	GlobalSection(ProjectConfigurationPlatforms) = postSolution
		{645C9264-52B7-4776-8C68-5182D14EA47B}.Debug|Any CPU.ActiveCfg = Debug|Any CPU
		{645C9264-52B7-4776-8C68-5182D14EA47B}.Debug|Any CPU.Build.0 = Debug|Any CPU
		{645C9264-52B7-4776-8C68-5182D14EA47B}.Release|Any CPU.ActiveCfg = Release|Any CPU
		{645C9264-52B7-4776-8C68-5182D14EA47B}.Release|Any CPU.Build.0 = Release|Any CPU
	EndGlobalSection
	GlobalSection(SolutionProperties) = preSolution
		HideSolutionNode = FALSE
	EndGlobalSection
	GlobalSection(ExtensibilityGlobals) = postSolution
		SolutionGuid = {916FB10F-2B0A-4C8F-8136-8A1BAB1597A7}
	EndGlobalSection
EndGlobal
